
Microsoft Visual Studio Solution File, Format Version 12.00
# Visual Studio Version 16
VisualStudioVersion = 16.0.31313.79
MinimumVisualStudioVersion = 10.0.40219.1
Project("{FAE04EC0-301F-11D3-BF4B-00C04F79EFBC}") = "RealEstateWebApi", "RealEstateWebApi\RealEstateWebApi.csproj", "{34F14C80-04F0-45CA-BB05-EFFA110697D0}"
EndProject
Global
	GlobalSection(SolutionConfigurationPlatforms) = preSolution
		Debug|Any CPU = Debug|Any CPU
		Release|Any CPU = Release|Any CPU
	EndGlobalSection
	GlobalSection(ProjectConfigurationPlatforms) = postSolution
		{34F14C80-04F0-45CA-BB05-EFFA110697D0}.Debug|Any CPU.ActiveCfg = Debug|Any CPU
		{34F14C80-04F0-45CA-BB05-EFFA110697D0}.Debug|Any CPU.Build.0 = Debug|Any CPU
		{34F14C80-04F0-45CA-BB05-EFFA110697D0}.Release|Any CPU.ActiveCfg = Release|Any CPU
		{34F14C80-04F0-45CA-BB05-EFFA110697D0}.Release|Any CPU.Build.0 = Release|Any CPU
	EndGlobalSection
	GlobalSection(SolutionProperties) = preSolution
		HideSolutionNode = FALSE
	EndGlobalSection
	GlobalSection(ExtensibilityGlobals) = postSolution
		SolutionGuid = {30205F59-AA0D-4F02-B062-F2702EA1683E}
	EndGlobalSection
EndGlobal
